
Microsoft Visual Studio Solution File, Format Version 12.00
# Visual Studio Version 17
VisualStudioVersion = 17.14.36623.8 d17.14
MinimumVisualStudioVersion = 10.0.40219.1
Project("{FAE04EC0-301F-11D3-BF4B-00C04F79EFBC}") = "RestaurantSystem", "RestaurantSystem\RestaurantSystem.csproj", "{1C8D9EAE-FD43-46D9-852E-602F3856850F}"
EndProject
Global
	GlobalSection(SolutionConfigurationPlatforms) = preSolution
		Debug|Any CPU = Debug|Any CPU
		Release|Any CPU = Release|Any CPU
	EndGlobalSection
	GlobalSection(ProjectConfigurationPlatforms) = postSolution
		{1C8D9EAE-FD43-46D9-852E-602F3856850F}.Debug|Any CPU.ActiveCfg = Debug|Any CPU
		{1C8D9EAE-FD43-46D9-852E-602F3856850F}.Debug|Any CPU.Build.0 = Debug|Any CPU
		{1C8D9EAE-FD43-46D9-852E-602F3856850F}.Release|Any CPU.ActiveCfg = Release|Any CPU
		{1C8D9EAE-FD43-46D9-852E-602F3856850F}.Release|Any CPU.Build.0 = Release|Any CPU
	EndGlobalSection
	GlobalSection(SolutionProperties) = preSolution
		HideSolutionNode = FALSE
	EndGlobalSection
	GlobalSection(ExtensibilityGlobals) = postSolution
		SolutionGuid = {11BEF5A4-CC66-44E8-A326-2E89E3DBCDFA}
	EndGlobalSection
EndGlobal
